
Microsoft Visual Studio Solution File, Format Version 12.00
# Visual Studio Version 17
VisualStudioVersion = 17.7.34202.233
MinimumVisualStudioVersion = 10.0.40219.1
Project("{9A19103F-16F7-4668-BE54-9A1E7A4F7556}") = "CoreDemo", "CoreDemo.csproj", "{C4734B5D-FC5E-4FD5-A89B-AB71B5FF74EC}"
EndProject
Project("{9A19103F-16F7-4668-BE54-9A1E7A4F7556}") = "CoreLayer", "..\CoreLayer\CoreLayer.csproj", "{0B1B503C-00B3-4F88-8536-55DF3A427A2A}"
EndProject
Project("{9A19103F-16F7-4668-BE54-9A1E7A4F7556}") = "BusinessLayer", "..\BusinessLayer\BusinessLayer.csproj", "{71B534D9-0404-4018-8656-F7463161CBB2}"
EndProject
Project("{9A19103F-16F7-4668-BE54-9A1E7A4F7556}") = "DataAccessLayer", "..\DataAccessLayer\DataAccessLayer.csproj", "{675D1792-E6E8-4209-90FF-AC1C720AA8CD}"
EndProject
Project("{9A19103F-16F7-4668-BE54-9A1E7A4F7556}") = "EntityLayer", "..\EntityLayer\EntityLayer.csproj", "{D3F123DC-8C8C-4335-8685-73AB5F172931}"
EndProject
Global
	GlobalSection(SolutionConfigurationPlatforms) = preSolution
		Debug|Any CPU = Debug|Any CPU
		Release|Any CPU = Release|Any CPU
	EndGlobalSection
	GlobalSection(ProjectConfigurationPlatforms) = postSolution
		{C4734B5D-FC5E-4FD5-A89B-AB71B5FF74EC}.Debug|Any CPU.ActiveCfg = Debug|Any CPU
		{C4734B5D-FC5E-4FD5-A89B-AB71B5FF74EC}.Debug|Any CPU.Build.0 = Debug|Any CPU
		{C4734B5D-FC5E-4FD5-A89B-AB71B5FF74EC}.Release|Any CPU.ActiveCfg = Release|Any CPU
		{C4734B5D-FC5E-4FD5-A89B-AB71B5FF74EC}.Release|Any CPU.Build.0 = Release|Any CPU
		{0B1B503C-00B3-4F88-8536-55DF3A427A2A}.Debug|Any CPU.ActiveCfg = Debug|Any CPU
		{0B1B503C-00B3-4F88-8536-55DF3A427A2A}.Debug|Any CPU.Build.0 = Debug|Any CPU
		{0B1B503C-00B3-4F88-8536-55DF3A427A2A}.Release|Any CPU.ActiveCfg = Release|Any CPU
		{0B1B503C-00B3-4F88-8536-55DF3A427A2A}.Release|Any CPU.Build.0 = Release|Any CPU
		{71B534D9-0404-4018-8656-F7463161CBB2}.Debug|Any CPU.ActiveCfg = Debug|Any CPU
		{71B534D9-0404-4018-8656-F7463161CBB2}.Debug|Any CPU.Build.0 = Debug|Any CPU
		{71B534D9-0404-4018-8656-F7463161CBB2}.Release|Any CPU.ActiveCfg = Release|Any CPU
		{71B534D9-0404-4018-8656-F7463161CBB2}.Release|Any CPU.Build.0 = Release|Any CPU
		{675D1792-E6E8-4209-90FF-AC1C720AA8CD}.Debug|Any CPU.ActiveCfg = Debug|Any CPU
		{675D1792-E6E8-4209-90FF-AC1C720AA8CD}.Debug|Any CPU.Build.0 = Debug|Any CPU
		{675D1792-E6E8-4209-90FF-AC1C720AA8CD}.Release|Any CPU.ActiveCfg = Release|Any CPU
		{675D1792-E6E8-4209-90FF-AC1C720AA8CD}.Release|Any CPU.Build.0 = Release|Any CPU
		{D3F123DC-8C8C-4335-8685-73AB5F172931}.Debug|Any CPU.ActiveCfg = Debug|Any CPU
		{D3F123DC-8C8C-4335-8685-73AB5F172931}.Debug|Any CPU.Build.0 = Debug|Any CPU
		{D3F123DC-8C8C-4335-8685-73AB5F172931}.Release|Any CPU.ActiveCfg = Release|Any CPU
		{D3F123DC-8C8C-4335-8685-73AB5F172931}.Release|Any CPU.Build.0 = Release|Any CPU
	EndGlobalSection
	GlobalSection(SolutionProperties) = preSolution
		HideSolutionNode = FALSE
	EndGlobalSection
	GlobalSection(ExtensibilityGlobals) = postSolution
		SolutionGuid = {5225605E-0DE5-4523-8137-84A5A75D3B13}
	EndGlobalSection
EndGlobal
