
Microsoft Visual Studio Solution File, Format Version 12.00
# Visual Studio Version 17
VisualStudioVersion = 17.7.34202.233
MinimumVisualStudioVersion = 10.0.40219.1
Project("{9A19103F-16F7-4668-BE54-9A1E7A4F7556}") = "CoreDemo", "CoreDemo.csproj", "{C4734B5D-FC5E-4FD5-A89B-AB71B5FF74EC}"
EndProject
Project("{9A19103F-16F7-4668-BE54-9A1E7A4F7556}") = "DataAccessLayer", "..\DataAccessLayer\DataAccessLayer.csproj", "{AF8FCB6F-23D3-4049-8C1A-1518EB399339}"
EndProject
Project("{9A19103F-16F7-4668-BE54-9A1E7A4F7556}") = "EntityLayer", "..\EntityLayer\EntityLayer.csproj", "{6DBF78F9-BE60-4CC0-87BA-D36B5FE7E83B}"
EndProject
Project("{FAE04EC0-301F-11D3-BF4B-00C04F79EFBC}") = "CoreLayer", "..\CoreLayer\CoreLayer.csproj", "{5D0BCF53-52C9-44FE-8570-7C67EE5FA9A2}"
EndProject
Project("{FAE04EC0-301F-11D3-BF4B-00C04F79EFBC}") = "BusinessLayer", "..\BusinessLayer\BusinessLayer.csproj", "{E2D2C6D6-CF5E-4A0D-BEC0-90576D3FBB55}"
EndProject
Global
	GlobalSection(SolutionConfigurationPlatforms) = preSolution
		Debug|Any CPU = Debug|Any CPU
		Release|Any CPU = Release|Any CPU
	EndGlobalSection
	GlobalSection(ProjectConfigurationPlatforms) = postSolution
		{C4734B5D-FC5E-4FD5-A89B-AB71B5FF74EC}.Debug|Any CPU.ActiveCfg = Debug|Any CPU
		{C4734B5D-FC5E-4FD5-A89B-AB71B5FF74EC}.Debug|Any CPU.Build.0 = Debug|Any CPU
		{C4734B5D-FC5E-4FD5-A89B-AB71B5FF74EC}.Release|Any CPU.ActiveCfg = Release|Any CPU
		{C4734B5D-FC5E-4FD5-A89B-AB71B5FF74EC}.Release|Any CPU.Build.0 = Release|Any CPU
		{AF8FCB6F-23D3-4049-8C1A-1518EB399339}.Debug|Any CPU.ActiveCfg = Debug|Any CPU
		{AF8FCB6F-23D3-4049-8C1A-1518EB399339}.Debug|Any CPU.Build.0 = Debug|Any CPU
		{AF8FCB6F-23D3-4049-8C1A-1518EB399339}.Release|Any CPU.ActiveCfg = Release|Any CPU
		{AF8FCB6F-23D3-4049-8C1A-1518EB399339}.Release|Any CPU.Build.0 = Release|Any CPU
		{6DBF78F9-BE60-4CC0-87BA-D36B5FE7E83B}.Debug|Any CPU.ActiveCfg = Debug|Any CPU
		{6DBF78F9-BE60-4CC0-87BA-D36B5FE7E83B}.Debug|Any CPU.Build.0 = Debug|Any CPU
		{6DBF78F9-BE60-4CC0-87BA-D36B5FE7E83B}.Release|Any CPU.ActiveCfg = Release|Any CPU
		{6DBF78F9-BE60-4CC0-87BA-D36B5FE7E83B}.Release|Any CPU.Build.0 = Release|Any CPU
		{5D0BCF53-52C9-44FE-8570-7C67EE5FA9A2}.Debug|Any CPU.ActiveCfg = Debug|Any CPU
		{5D0BCF53-52C9-44FE-8570-7C67EE5FA9A2}.Debug|Any CPU.Build.0 = Debug|Any CPU
		{5D0BCF53-52C9-44FE-8570-7C67EE5FA9A2}.Release|Any CPU.ActiveCfg = Release|Any CPU
		{5D0BCF53-52C9-44FE-8570-7C67EE5FA9A2}.Release|Any CPU.Build.0 = Release|Any CPU
		{E2D2C6D6-CF5E-4A0D-BEC0-90576D3FBB55}.Debug|Any CPU.ActiveCfg = Debug|Any CPU
		{E2D2C6D6-CF5E-4A0D-BEC0-90576D3FBB55}.Debug|Any CPU.Build.0 = Debug|Any CPU
		{E2D2C6D6-CF5E-4A0D-BEC0-90576D3FBB55}.Release|Any CPU.ActiveCfg = Release|Any CPU
		{E2D2C6D6-CF5E-4A0D-BEC0-90576D3FBB55}.Release|Any CPU.Build.0 = Release|Any CPU
	EndGlobalSection
	GlobalSection(SolutionProperties) = preSolution
		HideSolutionNode = FALSE
	EndGlobalSection
	GlobalSection(ExtensibilityGlobals) = postSolution
		SolutionGuid = {5225605E-0DE5-4523-8137-84A5A75D3B13}
	EndGlobalSection
EndGlobal
